
Microsoft Visual Studio Solution File, Format Version 12.00
# Visual Studio 15
VisualStudioVersion = 15.0.28307.960
MinimumVisualStudioVersion = 10.0.40219.1
Project("{FAE04EC0-301F-11D3-BF4B-00C04F79EFBC}") = "MidiToJoy", "MidiToJoy\MidiToJoy.csproj", "{C7FFDFAC-7911-4CEB-84F3-F102E0D05D45}"
EndProject
Global
	GlobalSection(SolutionConfigurationPlatforms) = preSolution
		Debug|Any CPU = Debug|Any CPU
		Release|Any CPU = Release|Any CPU
	EndGlobalSection
	GlobalSection(ProjectConfigurationPlatforms) = postSolution
		{C7FFDFAC-7911-4CEB-84F3-F102E0D05D45}.Debug|Any CPU.ActiveCfg = Debug|Any CPU
		{C7FFDFAC-7911-4CEB-84F3-F102E0D05D45}.Debug|Any CPU.Build.0 = Debug|Any CPU
		{C7FFDFAC-7911-4CEB-84F3-F102E0D05D45}.Release|Any CPU.ActiveCfg = Release|Any CPU
		{C7FFDFAC-7911-4CEB-84F3-F102E0D05D45}.Release|Any CPU.Build.0 = Release|Any CPU
	EndGlobalSection
	GlobalSection(SolutionProperties) = preSolution
		HideSolutionNode = FALSE
	EndGlobalSection
	GlobalSection(ExtensibilityGlobals) = postSolution
		SolutionGuid = {06A0AB09-CBED-4032-ACAE-07BD3B87A666}
	EndGlobalSection
EndGlobal
